
Microsoft Visual Studio Solution File, Format Version 12.00
# Visual Studio Version 16
VisualStudioVersion = 16.0.30011.22
MinimumVisualStudioVersion = 10.0.40219.1
Project("{FAE04EC0-301F-11D3-BF4B-00C04F79EFBC}") = "AquaStart01", "AquaStart01\AquaStart01.csproj", "{D16C05FC-D0D8-46DD-BE92-17FE601312F7}"
EndProject
Global
	GlobalSection(SolutionConfigurationPlatforms) = preSolution
		Debug|Any CPU = Debug|Any CPU
		Release|Any CPU = Release|Any CPU
	EndGlobalSection
	GlobalSection(ProjectConfigurationPlatforms) = postSolution
		{D16C05FC-D0D8-46DD-BE92-17FE601312F7}.Debug|Any CPU.ActiveCfg = Debug|Any CPU
		{D16C05FC-D0D8-46DD-BE92-17FE601312F7}.Debug|Any CPU.Build.0 = Debug|Any CPU
		{D16C05FC-D0D8-46DD-BE92-17FE601312F7}.Release|Any CPU.ActiveCfg = Release|Any CPU
		{D16C05FC-D0D8-46DD-BE92-17FE601312F7}.Release|Any CPU.Build.0 = Release|Any CPU
	EndGlobalSection
	GlobalSection(SolutionProperties) = preSolution
		HideSolutionNode = FALSE
	EndGlobalSection
	GlobalSection(ExtensibilityGlobals) = postSolution
		SolutionGuid = {3FA6E31D-D8E7-4532-B4E2-15DB7E22C92C}
	EndGlobalSection
EndGlobal
